
Microsoft Visual Studio Solution File, Format Version 12.00
# Visual Studio Version 17
VisualStudioVersion = 17.11.35327.3
MinimumVisualStudioVersion = 10.0.40219.1
Project("{FAE04EC0-301F-11D3-BF4B-00C04F79EFBC}") = "Padaria", "Padaria\Padaria.csproj", "{DEC863AE-3EE3-47E2-9FEB-A0C88A110231}"
EndProject
Project("{9A19103F-16F7-4668-BE54-9A1E7A4F7556}") = "FolhadePagamento", "FolhadePagamento\FolhadePagamento.csproj", "{A93FFBF9-88B9-4535-A4F7-728579E0407F}"
EndProject
Project("{9A19103F-16F7-4668-BE54-9A1E7A4F7556}") = "CalculadoraIMC", "CalculadoraIMC\CalculadoraIMC.csproj", "{AEBAC25B-9310-416F-ABD8-6B593517AEF0}"
EndProject
Project("{9A19103F-16F7-4668-BE54-9A1E7A4F7556}") = "ProjetoOrientacaoObjeto", "ProjetoOrientacaoObjeto\ProjetoOrientacaoObjeto.csproj", "{C99A2EF5-B38E-4E4D-A3B7-C1227AFC1DC3}"
EndProject
Project("{FAE04EC0-301F-11D3-BF4B-00C04F79EFBC}") = "ProjetosArrays", "ProjetosArrays\ProjetosArrays.csproj", "{E600BF5A-8E7D-4E79-B739-56E36F54C5B3}"
EndProject
Global
	GlobalSection(SolutionConfigurationPlatforms) = preSolution
		Debug|Any CPU = Debug|Any CPU
		Release|Any CPU = Release|Any CPU
	EndGlobalSection
	GlobalSection(ProjectConfigurationPlatforms) = postSolution
		{DEC863AE-3EE3-47E2-9FEB-A0C88A110231}.Debug|Any CPU.ActiveCfg = Debug|Any CPU
		{DEC863AE-3EE3-47E2-9FEB-A0C88A110231}.Debug|Any CPU.Build.0 = Debug|Any CPU
		{DEC863AE-3EE3-47E2-9FEB-A0C88A110231}.Release|Any CPU.ActiveCfg = Release|Any CPU
		{DEC863AE-3EE3-47E2-9FEB-A0C88A110231}.Release|Any CPU.Build.0 = Release|Any CPU
		{A93FFBF9-88B9-4535-A4F7-728579E0407F}.Debug|Any CPU.ActiveCfg = Debug|Any CPU
		{A93FFBF9-88B9-4535-A4F7-728579E0407F}.Debug|Any CPU.Build.0 = Debug|Any CPU
		{A93FFBF9-88B9-4535-A4F7-728579E0407F}.Release|Any CPU.ActiveCfg = Release|Any CPU
		{A93FFBF9-88B9-4535-A4F7-728579E0407F}.Release|Any CPU.Build.0 = Release|Any CPU
		{AEBAC25B-9310-416F-ABD8-6B593517AEF0}.Debug|Any CPU.ActiveCfg = Debug|Any CPU
		{AEBAC25B-9310-416F-ABD8-6B593517AEF0}.Debug|Any CPU.Build.0 = Debug|Any CPU
		{AEBAC25B-9310-416F-ABD8-6B593517AEF0}.Release|Any CPU.ActiveCfg = Release|Any CPU
		{AEBAC25B-9310-416F-ABD8-6B593517AEF0}.Release|Any CPU.Build.0 = Release|Any CPU
		{C99A2EF5-B38E-4E4D-A3B7-C1227AFC1DC3}.Debug|Any CPU.ActiveCfg = Debug|Any CPU
		{C99A2EF5-B38E-4E4D-A3B7-C1227AFC1DC3}.Debug|Any CPU.Build.0 = Debug|Any CPU
		{C99A2EF5-B38E-4E4D-A3B7-C1227AFC1DC3}.Release|Any CPU.ActiveCfg = Release|Any CPU
		{C99A2EF5-B38E-4E4D-A3B7-C1227AFC1DC3}.Release|Any CPU.Build.0 = Release|Any CPU
		{E600BF5A-8E7D-4E79-B739-56E36F54C5B3}.Debug|Any CPU.ActiveCfg = Debug|Any CPU
		{E600BF5A-8E7D-4E79-B739-56E36F54C5B3}.Debug|Any CPU.Build.0 = Debug|Any CPU
		{E600BF5A-8E7D-4E79-B739-56E36F54C5B3}.Release|Any CPU.ActiveCfg = Release|Any CPU
		{E600BF5A-8E7D-4E79-B739-56E36F54C5B3}.Release|Any CPU.Build.0 = Release|Any CPU
	EndGlobalSection
	GlobalSection(SolutionProperties) = preSolution
		HideSolutionNode = FALSE
	EndGlobalSection
	GlobalSection(ExtensibilityGlobals) = postSolution
		SolutionGuid = {ACDD4283-AA48-4ED4-82FB-9D679D26E821}
	EndGlobalSection
EndGlobal
